
Microsoft Visual Studio Solution File, Format Version 12.00
# Visual Studio Version 16
VisualStudioVersion = 16.0.29306.81
MinimumVisualStudioVersion = 10.0.40219.1
Project("{8BC9CEB8-8B4A-11D0-8D11-00A0C91BC942}") = "assembly_labs", "assembly_labs.vcxproj", "{14A60996-A095-4EB5-AA29-F9C4C37CBBFB}"
EndProject
Project("{8BC9CEB8-8B4A-11D0-8D11-00A0C91BC942}") = "lab2", "lab2\lab2.vcxproj", "{143973F4-57D0-4657-B500-5F64E54B9CE1}"
EndProject
Project("{8BC9CEB8-8B4A-11D0-8D11-00A0C91BC942}") = "lab3", "lab3\lab3.vcxproj", "{2BBB48E9-2BCF-4AB3-B978-42B801468989}"
EndProject
Project("{8BC9CEB8-8B4A-11D0-8D11-00A0C91BC942}") = "lab4", "lab4\lab4.vcxproj", "{1D6809BB-45B6-4BB7-8333-AC2A7A8114B7}"
EndProject
Project("{8BC9CEB8-8B4A-11D0-8D11-00A0C91BC942}") = "lab5", "lab5\lab5.vcxproj", "{F36F5823-ADF3-43E5-9C1B-5B757014AFDF}"
EndProject
Global
	GlobalSection(SolutionConfigurationPlatforms) = preSolution
		Debug|Win32 = Debug|Win32
		Debug|x64 = Debug|x64
		Debug|x86 = Debug|x86
		Release|Win32 = Release|Win32
		Release|x64 = Release|x64
		Release|x86 = Release|x86
	EndGlobalSection
	GlobalSection(ProjectConfigurationPlatforms) = postSolution
		{14A60996-A095-4EB5-AA29-F9C4C37CBBFB}.Debug|Win32.ActiveCfg = Debug|Win32
		{14A60996-A095-4EB5-AA29-F9C4C37CBBFB}.Debug|Win32.Build.0 = Debug|Win32
		{14A60996-A095-4EB5-AA29-F9C4C37CBBFB}.Debug|x64.ActiveCfg = Debug|x64
		{14A60996-A095-4EB5-AA29-F9C4C37CBBFB}.Debug|x64.Build.0 = Debug|x64
		{14A60996-A095-4EB5-AA29-F9C4C37CBBFB}.Debug|x86.ActiveCfg = Debug|Win32
		{14A60996-A095-4EB5-AA29-F9C4C37CBBFB}.Debug|x86.Build.0 = Debug|Win32
		{14A60996-A095-4EB5-AA29-F9C4C37CBBFB}.Release|Win32.ActiveCfg = Release|Win32
		{14A60996-A095-4EB5-AA29-F9C4C37CBBFB}.Release|Win32.Build.0 = Release|Win32
		{14A60996-A095-4EB5-AA29-F9C4C37CBBFB}.Release|x64.ActiveCfg = Release|x64
		{14A60996-A095-4EB5-AA29-F9C4C37CBBFB}.Release|x64.Build.0 = Release|x64
		{14A60996-A095-4EB5-AA29-F9C4C37CBBFB}.Release|x86.ActiveCfg = Release|Win32
		{14A60996-A095-4EB5-AA29-F9C4C37CBBFB}.Release|x86.Build.0 = Release|Win32
		{143973F4-57D0-4657-B500-5F64E54B9CE1}.Debug|Win32.ActiveCfg = Debug|Win32
		{143973F4-57D0-4657-B500-5F64E54B9CE1}.Debug|Win32.Build.0 = Debug|Win32
		{143973F4-57D0-4657-B500-5F64E54B9CE1}.Debug|x64.ActiveCfg = Debug|x64
		{143973F4-57D0-4657-B500-5F64E54B9CE1}.Debug|x64.Build.0 = Debug|x64
		{143973F4-57D0-4657-B500-5F64E54B9CE1}.Debug|x86.ActiveCfg = Debug|Win32
		{143973F4-57D0-4657-B500-5F64E54B9CE1}.Debug|x86.Build.0 = Debug|Win32
		{143973F4-57D0-4657-B500-5F64E54B9CE1}.Release|Win32.ActiveCfg = Release|Win32
		{143973F4-57D0-4657-B500-5F64E54B9CE1}.Release|Win32.Build.0 = Release|Win32
		{143973F4-57D0-4657-B500-5F64E54B9CE1}.Release|x64.ActiveCfg = Release|x64
		{143973F4-57D0-4657-B500-5F64E54B9CE1}.Release|x64.Build.0 = Release|x64
		{143973F4-57D0-4657-B500-5F64E54B9CE1}.Release|x86.ActiveCfg = Release|Win32
		{143973F4-57D0-4657-B500-5F64E54B9CE1}.Release|x86.Build.0 = Release|Win32
		{2BBB48E9-2BCF-4AB3-B978-42B801468989}.Debug|Win32.ActiveCfg = Debug|Win32
		{2BBB48E9-2BCF-4AB3-B978-42B801468989}.Debug|Win32.Build.0 = Debug|Win32
		{2BBB48E9-2BCF-4AB3-B978-42B801468989}.Debug|x64.ActiveCfg = Debug|x64
		{2BBB48E9-2BCF-4AB3-B978-42B801468989}.Debug|x64.Build.0 = Debug|x64
		{2BBB48E9-2BCF-4AB3-B978-42B801468989}.Debug|x86.ActiveCfg = Debug|Win32
		{2BBB48E9-2BCF-4AB3-B978-42B801468989}.Debug|x86.Build.0 = Debug|Win32
		{2BBB48E9-2BCF-4AB3-B978-42B801468989}.Release|Win32.ActiveCfg = Release|Win32
		{2BBB48E9-2BCF-4AB3-B978-42B801468989}.Release|Win32.Build.0 = Release|Win32
		{2BBB48E9-2BCF-4AB3-B978-42B801468989}.Release|x64.ActiveCfg = Release|x64
		{2BBB48E9-2BCF-4AB3-B978-42B801468989}.Release|x64.Build.0 = Release|x64
		{2BBB48E9-2BCF-4AB3-B978-42B801468989}.Release|x86.ActiveCfg = Release|Win32
		{2BBB48E9-2BCF-4AB3-B978-42B801468989}.Release|x86.Build.0 = Release|Win32
		{1D6809BB-45B6-4BB7-8333-AC2A7A8114B7}.Debug|Win32.ActiveCfg = Debug|Win32
		{1D6809BB-45B6-4BB7-8333-AC2A7A8114B7}.Debug|Win32.Build.0 = Debug|Win32
		{1D6809BB-45B6-4BB7-8333-AC2A7A8114B7}.Debug|x64.ActiveCfg = Debug|x64
		{1D6809BB-45B6-4BB7-8333-AC2A7A8114B7}.Debug|x64.Build.0 = Debug|x64
		{1D6809BB-45B6-4BB7-8333-AC2A7A8114B7}.Debug|x86.ActiveCfg = Debug|Win32
		{1D6809BB-45B6-4BB7-8333-AC2A7A8114B7}.Debug|x86.Build.0 = Debug|Win32
		{1D6809BB-45B6-4BB7-8333-AC2A7A8114B7}.Release|Win32.ActiveCfg = Release|Win32
		{1D6809BB-45B6-4BB7-8333-AC2A7A8114B7}.Release|Win32.Build.0 = Release|Win32
		{1D6809BB-45B6-4BB7-8333-AC2A7A8114B7}.Release|x64.ActiveCfg = Release|x64
		{1D6809BB-45B6-4BB7-8333-AC2A7A8114B7}.Release|x64.Build.0 = Release|x64
		{1D6809BB-45B6-4BB7-8333-AC2A7A8114B7}.Release|x86.ActiveCfg = Release|Win32
		{1D6809BB-45B6-4BB7-8333-AC2A7A8114B7}.Release|x86.Build.0 = Release|Win32
		{F36F5823-ADF3-43E5-9C1B-5B757014AFDF}.Debug|Win32.ActiveCfg = Debug|Win32
		{F36F5823-ADF3-43E5-9C1B-5B757014AFDF}.Debug|Win32.Build.0 = Debug|Win32
		{F36F5823-ADF3-43E5-9C1B-5B757014AFDF}.Debug|x64.ActiveCfg = Debug|x64
		{F36F5823-ADF3-43E5-9C1B-5B757014AFDF}.Debug|x64.Build.0 = Debug|x64
		{F36F5823-ADF3-43E5-9C1B-5B757014AFDF}.Debug|x86.ActiveCfg = Debug|Win32
		{F36F5823-ADF3-43E5-9C1B-5B757014AFDF}.Debug|x86.Build.0 = Debug|Win32
		{F36F5823-ADF3-43E5-9C1B-5B757014AFDF}.Release|Win32.ActiveCfg = Release|Win32
		{F36F5823-ADF3-43E5-9C1B-5B757014AFDF}.Release|Win32.Build.0 = Release|Win32
		{F36F5823-ADF3-43E5-9C1B-5B757014AFDF}.Release|x64.ActiveCfg = Release|x64
		{F36F5823-ADF3-43E5-9C1B-5B757014AFDF}.Release|x64.Build.0 = Release|x64
		{F36F5823-ADF3-43E5-9C1B-5B757014AFDF}.Release|x86.ActiveCfg = Release|Win32
		{F36F5823-ADF3-43E5-9C1B-5B757014AFDF}.Release|x86.Build.0 = Release|Win32
	EndGlobalSection
	GlobalSection(SolutionProperties) = preSolution
		HideSolutionNode = FALSE
	EndGlobalSection
	GlobalSection(ExtensibilityGlobals) = postSolution
		SolutionGuid = {29892BF2-466A-4271-A687-4D381563B94A}
	EndGlobalSection
EndGlobal
